
Microsoft Visual Studio Solution File, Format Version 12.00
# Visual Studio 15
VisualStudioVersion = 15.0.26730.12
MinimumVisualStudioVersion = 10.0.40219.1
Project("{FAE04EC0-301F-11D3-BF4B-00C04F79EFBC}") = "TestsLibrary", "TestsLibrary\TestsLibrary.csproj", "{3333F225-8A4A-44E5-99FB-BA16BA304DF2}"
EndProject
Project("{FAE04EC0-301F-11D3-BF4B-00C04F79EFBC}") = "Tests", "Tests\Tests.csproj", "{52FCC196-9862-4B43-80B6-77EDF5308ABD}"
EndProject
Project("{FAE04EC0-301F-11D3-BF4B-00C04F79EFBC}") = "BrowserStack", "BrowserStack\BrowserStack.csproj", "{4A72F955-BED5-4D52-9C73-AA53D9086904}"
EndProject
Global
	GlobalSection(SolutionConfigurationPlatforms) = preSolution
		Debug|Any CPU = Debug|Any CPU
		Release|Any CPU = Release|Any CPU
	EndGlobalSection
	GlobalSection(ProjectConfigurationPlatforms) = postSolution
		{3333F225-8A4A-44E5-99FB-BA16BA304DF2}.Debug|Any CPU.ActiveCfg = Debug|Any CPU
		{3333F225-8A4A-44E5-99FB-BA16BA304DF2}.Debug|Any CPU.Build.0 = Debug|Any CPU
		{3333F225-8A4A-44E5-99FB-BA16BA304DF2}.Release|Any CPU.ActiveCfg = Release|Any CPU
		{3333F225-8A4A-44E5-99FB-BA16BA304DF2}.Release|Any CPU.Build.0 = Release|Any CPU
		{52FCC196-9862-4B43-80B6-77EDF5308ABD}.Debug|Any CPU.ActiveCfg = Debug|Any CPU
		{52FCC196-9862-4B43-80B6-77EDF5308ABD}.Debug|Any CPU.Build.0 = Debug|Any CPU
		{52FCC196-9862-4B43-80B6-77EDF5308ABD}.Release|Any CPU.ActiveCfg = Release|Any CPU
		{52FCC196-9862-4B43-80B6-77EDF5308ABD}.Release|Any CPU.Build.0 = Release|Any CPU
		{4A72F955-BED5-4D52-9C73-AA53D9086904}.Debug|Any CPU.ActiveCfg = Debug|Any CPU
		{4A72F955-BED5-4D52-9C73-AA53D9086904}.Debug|Any CPU.Build.0 = Debug|Any CPU
		{4A72F955-BED5-4D52-9C73-AA53D9086904}.Release|Any CPU.ActiveCfg = Release|Any CPU
		{4A72F955-BED5-4D52-9C73-AA53D9086904}.Release|Any CPU.Build.0 = Release|Any CPU
	EndGlobalSection
	GlobalSection(SolutionProperties) = preSolution
		HideSolutionNode = FALSE
	EndGlobalSection
	GlobalSection(ExtensibilityGlobals) = postSolution
		SolutionGuid = {3675C42A-737B-4DB8-B864-1E769E4BF4BF}
	EndGlobalSection
EndGlobal
