
Microsoft Visual Studio Solution File, Format Version 12.00
# Visual Studio 15
VisualStudioVersion = 15.0.26730.15
MinimumVisualStudioVersion = 10.0.40219.1
Project("{FAE04EC0-301F-11D3-BF4B-00C04F79EFBC}") = "EquationsAndMatrixLibrary", "EquationsAndMatrixLibrary\EquationsAndMatrixLibrary.csproj", "{C09DF01F-0D2C-44EF-B02C-56B53EC0A0F2}"
EndProject
Project("{FAE04EC0-301F-11D3-BF4B-00C04F79EFBC}") = "ConsoleApp", "ConsoleApp\ConsoleApp.csproj", "{F5EE6100-FF62-4FE1-B839-883831981190}"
EndProject
Global
	GlobalSection(SolutionConfigurationPlatforms) = preSolution
		Debug|Any CPU = Debug|Any CPU
		Release|Any CPU = Release|Any CPU
	EndGlobalSection
	GlobalSection(ProjectConfigurationPlatforms) = postSolution
		{C09DF01F-0D2C-44EF-B02C-56B53EC0A0F2}.Debug|Any CPU.ActiveCfg = Debug|Any CPU
		{C09DF01F-0D2C-44EF-B02C-56B53EC0A0F2}.Debug|Any CPU.Build.0 = Debug|Any CPU
		{C09DF01F-0D2C-44EF-B02C-56B53EC0A0F2}.Release|Any CPU.ActiveCfg = Release|Any CPU
		{C09DF01F-0D2C-44EF-B02C-56B53EC0A0F2}.Release|Any CPU.Build.0 = Release|Any CPU
		{F5EE6100-FF62-4FE1-B839-883831981190}.Debug|Any CPU.ActiveCfg = Debug|Any CPU
		{F5EE6100-FF62-4FE1-B839-883831981190}.Debug|Any CPU.Build.0 = Debug|Any CPU
		{F5EE6100-FF62-4FE1-B839-883831981190}.Release|Any CPU.ActiveCfg = Release|Any CPU
		{F5EE6100-FF62-4FE1-B839-883831981190}.Release|Any CPU.Build.0 = Release|Any CPU
	EndGlobalSection
	GlobalSection(SolutionProperties) = preSolution
		HideSolutionNode = FALSE
	EndGlobalSection
	GlobalSection(ExtensibilityGlobals) = postSolution
		SolutionGuid = {064C055A-2D5D-4095-83D9-D5FC9C5A1346}
	EndGlobalSection
EndGlobal
