
Microsoft Visual Studio Solution File, Format Version 12.00
# Visual Studio 15
VisualStudioVersion = 15.0.26730.12
MinimumVisualStudioVersion = 10.0.40219.1
Project("{FAE04EC0-301F-11D3-BF4B-00C04F79EFBC}") = "HomeworkUtils", "HomeworkUtils\HomeworkUtils.csproj", "{DB6BB342-BEC5-47BC-B814-7ADA205B1BC0}"
EndProject
Project("{FAE04EC0-301F-11D3-BF4B-00C04F79EFBC}") = "ConsoleApp", "ConsoleApp\ConsoleApp.csproj", "{04A53391-FEDA-4405-A296-439A337637E5}"
EndProject
Project("{FAE04EC0-301F-11D3-BF4B-00C04F79EFBC}") = "CustomersXMLLibrary", "CustomersXMLLibrary\CustomersXMLLibrary.csproj", "{64A9FE9E-B727-473C-BD4F-F8CC91DC2164}"
EndProject
Project("{FAE04EC0-301F-11D3-BF4B-00C04F79EFBC}") = "Tests", "Tests\Tests.csproj", "{A9934C54-6722-4D6D-BD5E-714B2CCD43C8}"
EndProject
Global
	GlobalSection(SolutionConfigurationPlatforms) = preSolution
		Debug|Any CPU = Debug|Any CPU
		Release|Any CPU = Release|Any CPU
	EndGlobalSection
	GlobalSection(ProjectConfigurationPlatforms) = postSolution
		{DB6BB342-BEC5-47BC-B814-7ADA205B1BC0}.Debug|Any CPU.ActiveCfg = Debug|Any CPU
		{DB6BB342-BEC5-47BC-B814-7ADA205B1BC0}.Debug|Any CPU.Build.0 = Debug|Any CPU
		{DB6BB342-BEC5-47BC-B814-7ADA205B1BC0}.Release|Any CPU.ActiveCfg = Release|Any CPU
		{DB6BB342-BEC5-47BC-B814-7ADA205B1BC0}.Release|Any CPU.Build.0 = Release|Any CPU
		{04A53391-FEDA-4405-A296-439A337637E5}.Debug|Any CPU.ActiveCfg = Debug|Any CPU
		{04A53391-FEDA-4405-A296-439A337637E5}.Debug|Any CPU.Build.0 = Debug|Any CPU
		{04A53391-FEDA-4405-A296-439A337637E5}.Release|Any CPU.ActiveCfg = Release|Any CPU
		{04A53391-FEDA-4405-A296-439A337637E5}.Release|Any CPU.Build.0 = Release|Any CPU
		{64A9FE9E-B727-473C-BD4F-F8CC91DC2164}.Debug|Any CPU.ActiveCfg = Debug|Any CPU
		{64A9FE9E-B727-473C-BD4F-F8CC91DC2164}.Debug|Any CPU.Build.0 = Debug|Any CPU
		{64A9FE9E-B727-473C-BD4F-F8CC91DC2164}.Release|Any CPU.ActiveCfg = Release|Any CPU
		{64A9FE9E-B727-473C-BD4F-F8CC91DC2164}.Release|Any CPU.Build.0 = Release|Any CPU
		{A9934C54-6722-4D6D-BD5E-714B2CCD43C8}.Debug|Any CPU.ActiveCfg = Debug|Any CPU
		{A9934C54-6722-4D6D-BD5E-714B2CCD43C8}.Debug|Any CPU.Build.0 = Debug|Any CPU
		{A9934C54-6722-4D6D-BD5E-714B2CCD43C8}.Release|Any CPU.ActiveCfg = Release|Any CPU
		{A9934C54-6722-4D6D-BD5E-714B2CCD43C8}.Release|Any CPU.Build.0 = Release|Any CPU
	EndGlobalSection
	GlobalSection(SolutionProperties) = preSolution
		HideSolutionNode = FALSE
	EndGlobalSection
	GlobalSection(ExtensibilityGlobals) = postSolution
		SolutionGuid = {2F8A9B61-14C2-48AA-8AA6-84872C069CA7}
	EndGlobalSection
EndGlobal
